
Microsoft Visual Studio Solution File, Format Version 12.00
# Visual Studio Version 17
VisualStudioVersion = 17.2.32630.192
MinimumVisualStudioVersion = 10.0.40219.1
Project("{FAE04EC0-301F-11D3-BF4B-00C04F79EFBC}") = "IndiaStateCensusAnalyzer", "IndiaStateCensusAnalyzer\IndiaStateCensusAnalyzer.csproj", "{1D668A6D-BF64-466C-A2B4-B5048B98284B}"
EndProject
Project("{FAE04EC0-301F-11D3-BF4B-00C04F79EFBC}") = "IndianCensusTest", "IndianCensusTest\IndianCensusTest.csproj", "{C2FCC377-EBFF-412A-88F6-6C9B3EBC23A2}"
EndProject
Global
	GlobalSection(SolutionConfigurationPlatforms) = preSolution
		Debug|Any CPU = Debug|Any CPU
		Release|Any CPU = Release|Any CPU
	EndGlobalSection
	GlobalSection(ProjectConfigurationPlatforms) = postSolution
		{1D668A6D-BF64-466C-A2B4-B5048B98284B}.Debug|Any CPU.ActiveCfg = Debug|Any CPU
		{1D668A6D-BF64-466C-A2B4-B5048B98284B}.Debug|Any CPU.Build.0 = Debug|Any CPU
		{1D668A6D-BF64-466C-A2B4-B5048B98284B}.Release|Any CPU.ActiveCfg = Release|Any CPU
		{1D668A6D-BF64-466C-A2B4-B5048B98284B}.Release|Any CPU.Build.0 = Release|Any CPU
		{C2FCC377-EBFF-412A-88F6-6C9B3EBC23A2}.Debug|Any CPU.ActiveCfg = Debug|Any CPU
		{C2FCC377-EBFF-412A-88F6-6C9B3EBC23A2}.Debug|Any CPU.Build.0 = Debug|Any CPU
		{C2FCC377-EBFF-412A-88F6-6C9B3EBC23A2}.Release|Any CPU.ActiveCfg = Release|Any CPU
		{C2FCC377-EBFF-412A-88F6-6C9B3EBC23A2}.Release|Any CPU.Build.0 = Release|Any CPU
	EndGlobalSection
	GlobalSection(SolutionProperties) = preSolution
		HideSolutionNode = FALSE
	EndGlobalSection
	GlobalSection(ExtensibilityGlobals) = postSolution
		SolutionGuid = {CA9ADFF3-BD3E-413F-89CD-3B8E0813AC52}
	EndGlobalSection
EndGlobal
